
Microsoft Visual Studio Solution File, Format Version 12.00
# Visual Studio 14
VisualStudioVersion = 14.0.25420.1
MinimumVisualStudioVersion = 10.0.40219.1
Project("{FAE04EC0-301F-11D3-BF4B-00C04F79EFBC}") = "Inference", "Inference\Inference.csproj", "{6AB60528-1ADA-4E5C-8F4E-802F0CA11C3C}"
EndProject
Project("{FAE04EC0-301F-11D3-BF4B-00C04F79EFBC}") = "Tests", "Tests\Tests.csproj", "{BA79ADE8-BEA6-4186-AACC-18992EF0D904}"
EndProject
Project("{FAE04EC0-301F-11D3-BF4B-00C04F79EFBC}") = "CommandLine", "CommandLine\CommandLine.csproj", "{220F7EBF-4057-483F-9A5A-82AB783D5D99}"
EndProject
Project("{2150E333-8FDC-42A3-9474-1A3956D46DE8}") = "Solution Items", "Solution Items", "{D6B05064-6C6F-4648-B80F-950D3ABD8E68}"
	ProjectSection(SolutionItems) = preProject
		Performance1.psess = Performance1.psess
	EndProjectSection
EndProject
Project("{FAE04EC0-301F-11D3-BF4B-00C04F79EFBC}") = "UnitTest", "UnitTest\UnitTest.csproj", "{3AEDEBAF-5AB9-41E1-B3AF-ABEB0C429F92}"
EndProject
Global
	GlobalSection(SolutionConfigurationPlatforms) = preSolution
		Debug|Any CPU = Debug|Any CPU
		Release|Any CPU = Release|Any CPU
	EndGlobalSection
	GlobalSection(ProjectConfigurationPlatforms) = postSolution
		{6AB60528-1ADA-4E5C-8F4E-802F0CA11C3C}.Debug|Any CPU.ActiveCfg = Debug|Any CPU
		{6AB60528-1ADA-4E5C-8F4E-802F0CA11C3C}.Debug|Any CPU.Build.0 = Debug|Any CPU
		{6AB60528-1ADA-4E5C-8F4E-802F0CA11C3C}.Release|Any CPU.ActiveCfg = Release|Any CPU
		{6AB60528-1ADA-4E5C-8F4E-802F0CA11C3C}.Release|Any CPU.Build.0 = Release|Any CPU
		{BA79ADE8-BEA6-4186-AACC-18992EF0D904}.Debug|Any CPU.ActiveCfg = Debug|Any CPU
		{BA79ADE8-BEA6-4186-AACC-18992EF0D904}.Debug|Any CPU.Build.0 = Debug|Any CPU
		{BA79ADE8-BEA6-4186-AACC-18992EF0D904}.Release|Any CPU.ActiveCfg = Release|Any CPU
		{BA79ADE8-BEA6-4186-AACC-18992EF0D904}.Release|Any CPU.Build.0 = Release|Any CPU
		{220F7EBF-4057-483F-9A5A-82AB783D5D99}.Debug|Any CPU.ActiveCfg = Debug|Any CPU
		{220F7EBF-4057-483F-9A5A-82AB783D5D99}.Debug|Any CPU.Build.0 = Debug|Any CPU
		{220F7EBF-4057-483F-9A5A-82AB783D5D99}.Release|Any CPU.ActiveCfg = Release|Any CPU
		{220F7EBF-4057-483F-9A5A-82AB783D5D99}.Release|Any CPU.Build.0 = Release|Any CPU
		{3AEDEBAF-5AB9-41E1-B3AF-ABEB0C429F92}.Debug|Any CPU.ActiveCfg = Debug|Any CPU
		{3AEDEBAF-5AB9-41E1-B3AF-ABEB0C429F92}.Debug|Any CPU.Build.0 = Debug|Any CPU
		{3AEDEBAF-5AB9-41E1-B3AF-ABEB0C429F92}.Release|Any CPU.ActiveCfg = Release|Any CPU
		{3AEDEBAF-5AB9-41E1-B3AF-ABEB0C429F92}.Release|Any CPU.Build.0 = Release|Any CPU
	EndGlobalSection
	GlobalSection(SolutionProperties) = preSolution
		HideSolutionNode = FALSE
	EndGlobalSection
EndGlobal
